
Microsoft Visual Studio Solution File, Format Version 12.00
# Visual Studio 15
VisualStudioVersion = 15.0.28010.2003
MinimumVisualStudioVersion = 10.0.40219.1
Project("{FAE04EC0-301F-11D3-BF4B-00C04F79EFBC}") = "Calculator", "Calculator.csproj", "{90A5BBE4-E1D8-4E01-83C1-7510B82ABC29}"
EndProject
Global
	GlobalSection(SolutionConfigurationPlatforms) = preSolution
		Debug|Any CPU = Debug|Any CPU
		Release|Any CPU = Release|Any CPU
	EndGlobalSection
	GlobalSection(ProjectConfigurationPlatforms) = postSolution
		{90A5BBE4-E1D8-4E01-83C1-7510B82ABC29}.Debug|Any CPU.ActiveCfg = Debug|Any CPU
		{90A5BBE4-E1D8-4E01-83C1-7510B82ABC29}.Debug|Any CPU.Build.0 = Debug|Any CPU
		{90A5BBE4-E1D8-4E01-83C1-7510B82ABC29}.Release|Any CPU.ActiveCfg = Release|Any CPU
		{90A5BBE4-E1D8-4E01-83C1-7510B82ABC29}.Release|Any CPU.Build.0 = Release|Any CPU
	EndGlobalSection
	GlobalSection(SolutionProperties) = preSolution
		HideSolutionNode = FALSE
	EndGlobalSection
	GlobalSection(ExtensibilityGlobals) = postSolution
		SolutionGuid = {18F440DE-3712-4884-8675-41D97B5C8BD0}
	EndGlobalSection
EndGlobal
